
Microsoft Visual Studio Solution File, Format Version 12.00
# Visual Studio Version 16
VisualStudioVersion = 25.0.1706.14
MinimumVisualStudioVersion = 10.0.40219.1
Project("{FAE04EC0-301F-11D3-BF4B-00C04F79EFBC}") = "actividad 20", "actividad 20\actividad 20.csproj", "{0CE8CB75-6714-41C2-9FB0-2D03A433458B}"
EndProject
Global
	GlobalSection(SolutionConfigurationPlatforms) = preSolution
		Debug|Any CPU = Debug|Any CPU
		Release|Any CPU = Release|Any CPU
	EndGlobalSection
	GlobalSection(ProjectConfigurationPlatforms) = postSolution
		{0CE8CB75-6714-41C2-9FB0-2D03A433458B}.Debug|Any CPU.ActiveCfg = Debug|Any CPU
		{0CE8CB75-6714-41C2-9FB0-2D03A433458B}.Debug|Any CPU.Build.0 = Debug|Any CPU
		{0CE8CB75-6714-41C2-9FB0-2D03A433458B}.Release|Any CPU.ActiveCfg = Release|Any CPU
		{0CE8CB75-6714-41C2-9FB0-2D03A433458B}.Release|Any CPU.Build.0 = Release|Any CPU
	EndGlobalSection
	GlobalSection(SolutionProperties) = preSolution
		HideSolutionNode = FALSE
	EndGlobalSection
	GlobalSection(ExtensibilityGlobals) = postSolution
		SolutionGuid = {922EF5E5-65D7-4454-9E6A-450EA935D4C3}
	EndGlobalSection
EndGlobal
